lockfileVersion: '6.0'

settings:
  autoInstallPeers: true
  excludeLinksFromLockfile: false

devDependencies:
  prettier:
    specifier: ^3.3.3
    version: 3.3.3
  prettier-plugin-organize-imports:
    specifier: ^4.0.0
    version: 4.0.0(prettier@3.3.3)(typescript@5.5.4)

packages:

  /prettier-plugin-organize-imports@4.0.0(prettier@3.3.3)(typescript@5.5.4):
    resolution: {integrity: sha512-vnKSdgv9aOlqKeEFGhf9SCBsTyzDSyScy1k7E0R1Uo4L0cTcOV7c1XQaT7jfXIOc/p08WLBfN2QUQA9zDSZMxA==}
    peerDependencies:
      '@vue/language-plugin-pug': ^2.0.24
      prettier: '>=2.0'
      typescript: '>=2.9'
      vue-tsc: ^2.0.24
    peerDependenciesMeta:
      '@vue/language-plugin-pug':
        optional: true
      vue-tsc:
        optional: true
    dependencies:
      prettier: 3.3.3
      typescript: 5.5.4
    dev: true

  /prettier@3.3.3:
    resolution: {integrity: sha512-i2tDNA0O5IrMO757lfrdQZCc2jPNDVntV0m/+4whiDfWaTKfMNgR7Qz0NAeGz/nRqF4m5/6CLzbP4/liHt12Ew==}
    engines: {node: '>=14'}
    hasBin: true
    dev: true

  /typescript@5.5.4:
    resolution: {integrity: sha512-Mtq29sKDAEYP7aljRgtPOpTvOfbwRWlS6dPRzwjdE+C0R4brX/GUyhHSecbHMFLNBLcJIPt9nl9yG5TZ1weH+Q==}
    engines: {node: '>=14.17'}
    hasBin: true
    dev: true
